
Microsoft Visual Studio Solution File, Format Version 12.00
# Visual Studio Version 17
VisualStudioVersion = 17.0.31903.59
MinimumVisualStudioVersion = 10.0.40219.1
Project("{FAE04EC0-301F-11D3-BF4B-00C04F79EFBC}") = "codeMRI.Server", "codeMRI.Server\codeMRI.Server.csproj", "{E2E6B5E5-89A7-4F53-A885-4D04C9BFE74C}"
EndProject
Project("{FAE04EC0-301F-11D3-BF4B-00C04F79EFBC}") = "codeMRI.Core", "codeMRI.Core\codeMRI.Core.csproj", "{39DFB840-F7FD-48F1-BE8B-F20FF4C70FF9}"
EndProject
Project("{FAE04EC0-301F-11D3-BF4B-00C04F79EFBC}") = "codeMRI.Infrastructure", "codeMRI.Infrastructure\codeMRI.Infrastructure.csproj", "{816316C9-FCDF-4391-AD44-6817499E87B8}"
EndProject
Project("{FAE04EC0-301F-11D3-BF4B-00C04F79EFBC}") = "codeMRI.E2E", "codeMRI.E2E\codeMRI.E2E.csproj", "{CC50A229-CAFB-4A5C-A202-98C74E664CEE}"
EndProject
Project("{FAE04EC0-301F-11D3-BF4B-00C04F79EFBC}") = "codeMRI.Infrastructure.Tests", "codeMRI.Infrastructure.Tests\codeMRI.Infrastructure.Tests.csproj", "{AFF57A96-C8A6-4823-8E33-07117076F4F0}"
EndProject
Project("{FAE04EC0-301F-11D3-BF4B-00C04F79EFBC}") = "codeMRI.Core.Tests", "codeMRI.Core.Tests\codeMRI.Core.Tests.csproj", "{24B4B58C-C0BF-459C-9F1C-D35D748DC382}"
EndProject
Project("{FAE04EC0-301F-11D3-BF4B-00C04F79EFBC}") = "codeMRI.Visualization", "codeMRI.Visualization\codeMRI.Visualization.csproj", "{E76D59E3-EBDF-4805-89CF-FEFEEB3FBC3C}"
EndProject
Project("{FAE04EC0-301F-11D3-BF4B-00C04F79EFBC}") = "codeMRI.Visualization.Tests", "codeMRI.Visualization.Tests\codeMRI.Visualization.Tests.csproj", "{30DBF650-14F4-43D4-B997-70AAB27B2322}"
EndProject
Project("{FAE04EC0-301F-11D3-BF4B-00C04F79EFBC}") = "codeMRI.Agents", "codeMRI.Agents\codeMRI.Agents.csproj", "{A06D1527-2C97-4E04-8C39-E4BE34911C51}"
EndProject
Project("{FAE04EC0-301F-11D3-BF4B-00C04F79EFBC}") = "codeMRI.Agents.Tests", "codeMRI.Agents.Tests\codeMRI.Agents.Tests.csproj", "{67900E5E-D260-49F8-8594-D6F14A0D1DA8}"
EndProject
Project("{FAE04EC0-301F-11D3-BF4B-00C04F79EFBC}") = "codeMRI.Frontend.Tests", "codeMRI.Frontend.Tests\codeMRI.Frontend.Tests.csproj", "{D6153EB6-DC89-497D-9F7E-3AB7958B03C8}"
EndProject
Project("{FAE04EC0-301F-11D3-BF4B-00C04F79EFBC}") = "codeMRI.CLI", "codeMRI.CLI\codeMRI.CLI.csproj", "{BC75A625-B9D8-48B2-B3E5-8066759691D1}"
EndProject
Project("{FAE04EC0-301F-11D3-BF4B-00C04F79EFBC}") = "codeMRI.Frontend", "codeMRI.Frontend\codeMRI.Frontend.csproj", "{5FE217EE-E67A-4D5E-9418-ED9F9E28289B}"
EndProject
Project("{FAE04EC0-301F-11D3-BF4B-00C04F79EFBC}") = "codeMRI.Server.Tests", "codeMRI.Server.Tests\codeMRI.Server.Tests.csproj", "{04542D7E-09D2-4545-BC8F-1323C8186F7E}"
EndProject
Project("{FAE04EC0-301F-11D3-BF4B-00C04F79EFBC}") = "codeMRI.MCP", "codeMRI.MCP\codeMRI.MCP.csproj", "{70425C9E-24D2-4F8A-AB8D-108A2ABD4F97}"
EndProject
Project("{FAE04EC0-301F-11D3-BF4B-00C04F79EFBC}") = "codeMRI.MCP.Tests", "codeMRI.MCP.Tests\codeMRI.MCP.Tests.csproj", "{DB4DCE14-B3F6-443B-8466-832B3578E126}"
EndProject
Global
	GlobalSection(SolutionConfigurationPlatforms) = preSolution
		Debug|Any CPU = Debug|Any CPU
		Debug|x64 = Debug|x64
		Debug|x86 = Debug|x86
		Release|Any CPU = Release|Any CPU
		Release|x64 = Release|x64
		Release|x86 = Release|x86
	EndGlobalSection
	GlobalSection(ProjectConfigurationPlatforms) = postSolution
		{E2E6B5E5-89A7-4F53-A885-4D04C9BFE74C}.Debug|Any CPU.ActiveCfg = Debug|Any CPU
		{E2E6B5E5-89A7-4F53-A885-4D04C9BFE74C}.Debug|Any CPU.Build.0 = Debug|Any CPU
		{E2E6B5E5-89A7-4F53-A885-4D04C9BFE74C}.Debug|x64.ActiveCfg = Debug|Any CPU
		{E2E6B5E5-89A7-4F53-A885-4D04C9BFE74C}.Debug|x64.Build.0 = Debug|Any CPU
		{E2E6B5E5-89A7-4F53-A885-4D04C9BFE74C}.Debug|x86.ActiveCfg = Debug|Any CPU
		{E2E6B5E5-89A7-4F53-A885-4D04C9BFE74C}.Debug|x86.Build.0 = Debug|Any CPU
		{E2E6B5E5-89A7-4F53-A885-4D04C9BFE74C}.Release|Any CPU.ActiveCfg = Release|Any CPU
		{E2E6B5E5-89A7-4F53-A885-4D04C9BFE74C}.Release|Any CPU.Build.0 = Release|Any CPU
		{E2E6B5E5-89A7-4F53-A885-4D04C9BFE74C}.Release|x64.ActiveCfg = Release|Any CPU
		{E2E6B5E5-89A7-4F53-A885-4D04C9BFE74C}.Release|x64.Build.0 = Release|Any CPU
		{E2E6B5E5-89A7-4F53-A885-4D04C9BFE74C}.Release|x86.ActiveCfg = Release|Any CPU
		{E2E6B5E5-89A7-4F53-A885-4D04C9BFE74C}.Release|x86.Build.0 = Release|Any CPU
		{39DFB840-F7FD-48F1-BE8B-F20FF4C70FF9}.Debug|Any CPU.ActiveCfg = Debug|Any CPU
		{39DFB840-F7FD-48F1-BE8B-F20FF4C70FF9}.Debug|Any CPU.Build.0 = Debug|Any CPU
		{39DFB840-F7FD-48F1-BE8B-F20FF4C70FF9}.Debug|x64.ActiveCfg = Debug|Any CPU
		{39DFB840-F7FD-48F1-BE8B-F20FF4C70FF9}.Debug|x64.Build.0 = Debug|Any CPU
		{39DFB840-F7FD-48F1-BE8B-F20FF4C70FF9}.Debug|x86.ActiveCfg = Debug|Any CPU
		{39DFB840-F7FD-48F1-BE8B-F20FF4C70FF9}.Debug|x86.Build.0 = Debug|Any CPU
		{39DFB840-F7FD-48F1-BE8B-F20FF4C70FF9}.Release|Any CPU.ActiveCfg = Release|Any CPU
		{39DFB840-F7FD-48F1-BE8B-F20FF4C70FF9}.Release|Any CPU.Build.0 = Release|Any CPU
		{39DFB840-F7FD-48F1-BE8B-F20FF4C70FF9}.Release|x64.ActiveCfg = Release|Any CPU
		{39DFB840-F7FD-48F1-BE8B-F20FF4C70FF9}.Release|x64.Build.0 = Release|Any CPU
		{39DFB840-F7FD-48F1-BE8B-F20FF4C70FF9}.Release|x86.ActiveCfg = Release|Any CPU
		{39DFB840-F7FD-48F1-BE8B-F20FF4C70FF9}.Release|x86.Build.0 = Release|Any CPU
		{816316C9-FCDF-4391-AD44-6817499E87B8}.Debug|Any CPU.ActiveCfg = Debug|Any CPU
		{816316C9-FCDF-4391-AD44-6817499E87B8}.Debug|Any CPU.Build.0 = Debug|Any CPU
		{816316C9-FCDF-4391-AD44-6817499E87B8}.Debug|x64.ActiveCfg = Debug|Any CPU
		{816316C9-FCDF-4391-AD44-6817499E87B8}.Debug|x64.Build.0 = Debug|Any CPU
		{816316C9-FCDF-4391-AD44-6817499E87B8}.Debug|x86.ActiveCfg = Debug|Any CPU
		{816316C9-FCDF-4391-AD44-6817499E87B8}.Debug|x86.Build.0 = Debug|Any CPU
		{816316C9-FCDF-4391-AD44-6817499E87B8}.Release|Any CPU.ActiveCfg = Release|Any CPU
		{816316C9-FCDF-4391-AD44-6817499E87B8}.Release|Any CPU.Build.0 = Release|Any CPU
		{816316C9-FCDF-4391-AD44-6817499E87B8}.Release|x64.ActiveCfg = Release|Any CPU
		{816316C9-FCDF-4391-AD44-6817499E87B8}.Release|x64.Build.0 = Release|Any CPU
		{816316C9-FCDF-4391-AD44-6817499E87B8}.Release|x86.ActiveCfg = Release|Any CPU
		{816316C9-FCDF-4391-AD44-6817499E87B8}.Release|x86.Build.0 = Release|Any CPU
		{CC50A229-CAFB-4A5C-A202-98C74E664CEE}.Debug|Any CPU.ActiveCfg = Debug|Any CPU
		{CC50A229-CAFB-4A5C-A202-98C74E664CEE}.Debug|Any CPU.Build.0 = Debug|Any CPU
		{CC50A229-CAFB-4A5C-A202-98C74E664CEE}.Debug|x64.ActiveCfg = Debug|Any CPU
		{CC50A229-CAFB-4A5C-A202-98C74E664CEE}.Debug|x64.Build.0 = Debug|Any CPU
		{CC50A229-CAFB-4A5C-A202-98C74E664CEE}.Debug|x86.ActiveCfg = Debug|Any CPU
		{CC50A229-CAFB-4A5C-A202-98C74E664CEE}.Debug|x86.Build.0 = Debug|Any CPU
		{CC50A229-CAFB-4A5C-A202-98C74E664CEE}.Release|Any CPU.ActiveCfg = Release|Any CPU
		{CC50A229-CAFB-4A5C-A202-98C74E664CEE}.Release|Any CPU.Build.0 = Release|Any CPU
		{CC50A229-CAFB-4A5C-A202-98C74E664CEE}.Release|x64.ActiveCfg = Release|Any CPU
		{CC50A229-CAFB-4A5C-A202-98C74E664CEE}.Release|x64.Build.0 = Release|Any CPU
		{CC50A229-CAFB-4A5C-A202-98C74E664CEE}.Release|x86.ActiveCfg = Release|Any CPU
		{CC50A229-CAFB-4A5C-A202-98C74E664CEE}.Release|x86.Build.0 = Release|Any CPU
		{AFF57A96-C8A6-4823-8E33-07117076F4F0}.Debug|Any CPU.ActiveCfg = Debug|Any CPU
		{AFF57A96-C8A6-4823-8E33-07117076F4F0}.Debug|Any CPU.Build.0 = Debug|Any CPU
		{AFF57A96-C8A6-4823-8E33-07117076F4F0}.Debug|x64.ActiveCfg = Debug|Any CPU
		{AFF57A96-C8A6-4823-8E33-07117076F4F0}.Debug|x64.Build.0 = Debug|Any CPU
		{AFF57A96-C8A6-4823-8E33-07117076F4F0}.Debug|x86.ActiveCfg = Debug|Any CPU
		{AFF57A96-C8A6-4823-8E33-07117076F4F0}.Debug|x86.Build.0 = Debug|Any CPU
		{AFF57A96-C8A6-4823-8E33-07117076F4F0}.Release|Any CPU.ActiveCfg = Release|Any CPU
		{AFF57A96-C8A6-4823-8E33-07117076F4F0}.Release|Any CPU.Build.0 = Release|Any CPU
		{AFF57A96-C8A6-4823-8E33-07117076F4F0}.Release|x64.ActiveCfg = Release|Any CPU
		{AFF57A96-C8A6-4823-8E33-07117076F4F0}.Release|x64.Build.0 = Release|Any CPU
		{AFF57A96-C8A6-4823-8E33-07117076F4F0}.Release|x86.ActiveCfg = Release|Any CPU
		{AFF57A96-C8A6-4823-8E33-07117076F4F0}.Release|x86.Build.0 = Release|Any CPU
		{24B4B58C-C0BF-459C-9F1C-D35D748DC382}.Debug|Any CPU.ActiveCfg = Debug|Any CPU
		{24B4B58C-C0BF-459C-9F1C-D35D748DC382}.Debug|Any CPU.Build.0 = Debug|Any CPU
		{24B4B58C-C0BF-459C-9F1C-D35D748DC382}.Debug|x64.ActiveCfg = Debug|Any CPU
		{24B4B58C-C0BF-459C-9F1C-D35D748DC382}.Debug|x64.Build.0 = Debug|Any CPU
		{24B4B58C-C0BF-459C-9F1C-D35D748DC382}.Debug|x86.ActiveCfg = Debug|Any CPU
		{24B4B58C-C0BF-459C-9F1C-D35D748DC382}.Debug|x86.Build.0 = Debug|Any CPU
		{24B4B58C-C0BF-459C-9F1C-D35D748DC382}.Release|Any CPU.ActiveCfg = Release|Any CPU
		{24B4B58C-C0BF-459C-9F1C-D35D748DC382}.Release|Any CPU.Build.0 = Release|Any CPU
		{24B4B58C-C0BF-459C-9F1C-D35D748DC382}.Release|x64.ActiveCfg = Release|Any CPU
		{24B4B58C-C0BF-459C-9F1C-D35D748DC382}.Release|x64.Build.0 = Release|Any CPU
		{24B4B58C-C0BF-459C-9F1C-D35D748DC382}.Release|x86.ActiveCfg = Release|Any CPU
		{24B4B58C-C0BF-459C-9F1C-D35D748DC382}.Release|x86.Build.0 = Release|Any CPU
		{E76D59E3-EBDF-4805-89CF-FEFEEB3FBC3C}.Debug|Any CPU.ActiveCfg = Debug|Any CPU
		{E76D59E3-EBDF-4805-89CF-FEFEEB3FBC3C}.Debug|Any CPU.Build.0 = Debug|Any CPU
		{E76D59E3-EBDF-4805-89CF-FEFEEB3FBC3C}.Debug|x64.ActiveCfg = Debug|Any CPU
		{E76D59E3-EBDF-4805-89CF-FEFEEB3FBC3C}.Debug|x64.Build.0 = Debug|Any CPU
		{E76D59E3-EBDF-4805-89CF-FEFEEB3FBC3C}.Debug|x86.ActiveCfg = Debug|Any CPU
		{E76D59E3-EBDF-4805-89CF-FEFEEB3FBC3C}.Debug|x86.Build.0 = Debug|Any CPU
		{E76D59E3-EBDF-4805-89CF-FEFEEB3FBC3C}.Release|Any CPU.ActiveCfg = Release|Any CPU
		{E76D59E3-EBDF-4805-89CF-FEFEEB3FBC3C}.Release|Any CPU.Build.0 = Release|Any CPU
		{E76D59E3-EBDF-4805-89CF-FEFEEB3FBC3C}.Release|x64.ActiveCfg = Release|Any CPU
		{E76D59E3-EBDF-4805-89CF-FEFEEB3FBC3C}.Release|x64.Build.0 = Release|Any CPU
		{E76D59E3-EBDF-4805-89CF-FEFEEB3FBC3C}.Release|x86.ActiveCfg = Release|Any CPU
		{E76D59E3-EBDF-4805-89CF-FEFEEB3FBC3C}.Release|x86.Build.0 = Release|Any CPU
		{30DBF650-14F4-43D4-B997-70AAB27B2322}.Debug|Any CPU.ActiveCfg = Debug|Any CPU
		{30DBF650-14F4-43D4-B997-70AAB27B2322}.Debug|Any CPU.Build.0 = Debug|Any CPU
		{30DBF650-14F4-43D4-B997-70AAB27B2322}.Debug|x64.ActiveCfg = Debug|Any CPU
		{30DBF650-14F4-43D4-B997-70AAB27B2322}.Debug|x64.Build.0 = Debug|Any CPU
		{30DBF650-14F4-43D4-B997-70AAB27B2322}.Debug|x86.ActiveCfg = Debug|Any CPU
		{30DBF650-14F4-43D4-B997-70AAB27B2322}.Debug|x86.Build.0 = Debug|Any CPU
		{30DBF650-14F4-43D4-B997-70AAB27B2322}.Release|Any CPU.ActiveCfg = Release|Any CPU
		{30DBF650-14F4-43D4-B997-70AAB27B2322}.Release|Any CPU.Build.0 = Release|Any CPU
		{30DBF650-14F4-43D4-B997-70AAB27B2322}.Release|x64.ActiveCfg = Release|Any CPU
		{30DBF650-14F4-43D4-B997-70AAB27B2322}.Release|x64.Build.0 = Release|Any CPU
		{30DBF650-14F4-43D4-B997-70AAB27B2322}.Release|x86.ActiveCfg = Release|Any CPU
		{30DBF650-14F4-43D4-B997-70AAB27B2322}.Release|x86.Build.0 = Release|Any CPU
		{A06D1527-2C97-4E04-8C39-E4BE34911C51}.Debug|Any CPU.ActiveCfg = Debug|Any CPU
		{A06D1527-2C97-4E04-8C39-E4BE34911C51}.Debug|Any CPU.Build.0 = Debug|Any CPU
		{A06D1527-2C97-4E04-8C39-E4BE34911C51}.Debug|x64.ActiveCfg = Debug|Any CPU
		{A06D1527-2C97-4E04-8C39-E4BE34911C51}.Debug|x64.Build.0 = Debug|Any CPU
		{A06D1527-2C97-4E04-8C39-E4BE34911C51}.Debug|x86.ActiveCfg = Debug|Any CPU
		{A06D1527-2C97-4E04-8C39-E4BE34911C51}.Debug|x86.Build.0 = Debug|Any CPU
		{A06D1527-2C97-4E04-8C39-E4BE34911C51}.Release|Any CPU.ActiveCfg = Release|Any CPU
		{A06D1527-2C97-4E04-8C39-E4BE34911C51}.Release|Any CPU.Build.0 = Release|Any CPU
		{A06D1527-2C97-4E04-8C39-E4BE34911C51}.Release|x64.ActiveCfg = Release|Any CPU
		{A06D1527-2C97-4E04-8C39-E4BE34911C51}.Release|x64.Build.0 = Release|Any CPU
		{A06D1527-2C97-4E04-8C39-E4BE34911C51}.Release|x86.ActiveCfg = Release|Any CPU
		{A06D1527-2C97-4E04-8C39-E4BE34911C51}.Release|x86.Build.0 = Release|Any CPU
		{67900E5E-D260-49F8-8594-D6F14A0D1DA8}.Debug|Any CPU.ActiveCfg = Debug|Any CPU
		{67900E5E-D260-49F8-8594-D6F14A0D1DA8}.Debug|Any CPU.Build.0 = Debug|Any CPU
		{67900E5E-D260-49F8-8594-D6F14A0D1DA8}.Debug|x64.ActiveCfg = Debug|Any CPU
		{67900E5E-D260-49F8-8594-D6F14A0D1DA8}.Debug|x64.Build.0 = Debug|Any CPU
		{67900E5E-D260-49F8-8594-D6F14A0D1DA8}.Debug|x86.ActiveCfg = Debug|Any CPU
		{67900E5E-D260-49F8-8594-D6F14A0D1DA8}.Debug|x86.Build.0 = Debug|Any CPU
		{67900E5E-D260-49F8-8594-D6F14A0D1DA8}.Release|Any CPU.ActiveCfg = Release|Any CPU
		{67900E5E-D260-49F8-8594-D6F14A0D1DA8}.Release|Any CPU.Build.0 = Release|Any CPU
		{67900E5E-D260-49F8-8594-D6F14A0D1DA8}.Release|x64.ActiveCfg = Release|Any CPU
		{67900E5E-D260-49F8-8594-D6F14A0D1DA8}.Release|x64.Build.0 = Release|Any CPU
		{67900E5E-D260-49F8-8594-D6F14A0D1DA8}.Release|x86.ActiveCfg = Release|Any CPU
		{67900E5E-D260-49F8-8594-D6F14A0D1DA8}.Release|x86.Build.0 = Release|Any CPU
		{D6153EB6-DC89-497D-9F7E-3AB7958B03C8}.Debug|Any CPU.ActiveCfg = Debug|Any CPU
		{D6153EB6-DC89-497D-9F7E-3AB7958B03C8}.Debug|Any CPU.Build.0 = Debug|Any CPU
		{D6153EB6-DC89-497D-9F7E-3AB7958B03C8}.Debug|x64.ActiveCfg = Debug|Any CPU
		{D6153EB6-DC89-497D-9F7E-3AB7958B03C8}.Debug|x64.Build.0 = Debug|Any CPU
		{D6153EB6-DC89-497D-9F7E-3AB7958B03C8}.Debug|x86.ActiveCfg = Debug|Any CPU
		{D6153EB6-DC89-497D-9F7E-3AB7958B03C8}.Debug|x86.Build.0 = Debug|Any CPU
		{D6153EB6-DC89-497D-9F7E-3AB7958B03C8}.Release|Any CPU.ActiveCfg = Release|Any CPU
		{D6153EB6-DC89-497D-9F7E-3AB7958B03C8}.Release|Any CPU.Build.0 = Release|Any CPU
		{D6153EB6-DC89-497D-9F7E-3AB7958B03C8}.Release|x64.ActiveCfg = Release|Any CPU
		{D6153EB6-DC89-497D-9F7E-3AB7958B03C8}.Release|x64.Build.0 = Release|Any CPU
		{D6153EB6-DC89-497D-9F7E-3AB7958B03C8}.Release|x86.ActiveCfg = Release|Any CPU
		{D6153EB6-DC89-497D-9F7E-3AB7958B03C8}.Release|x86.Build.0 = Release|Any CPU
		{BC75A625-B9D8-48B2-B3E5-8066759691D1}.Debug|Any CPU.ActiveCfg = Debug|Any CPU
		{BC75A625-B9D8-48B2-B3E5-8066759691D1}.Debug|Any CPU.Build.0 = Debug|Any CPU
		{BC75A625-B9D8-48B2-B3E5-8066759691D1}.Debug|x64.ActiveCfg = Debug|Any CPU
		{BC75A625-B9D8-48B2-B3E5-8066759691D1}.Debug|x64.Build.0 = Debug|Any CPU
		{BC75A625-B9D8-48B2-B3E5-8066759691D1}.Debug|x86.ActiveCfg = Debug|Any CPU
		{BC75A625-B9D8-48B2-B3E5-8066759691D1}.Debug|x86.Build.0 = Debug|Any CPU
		{BC75A625-B9D8-48B2-B3E5-8066759691D1}.Release|Any CPU.ActiveCfg = Release|Any CPU
		{BC75A625-B9D8-48B2-B3E5-8066759691D1}.Release|Any CPU.Build.0 = Release|Any CPU
		{BC75A625-B9D8-48B2-B3E5-8066759691D1}.Release|x64.ActiveCfg = Release|Any CPU
		{BC75A625-B9D8-48B2-B3E5-8066759691D1}.Release|x64.Build.0 = Release|Any CPU
		{BC75A625-B9D8-48B2-B3E5-8066759691D1}.Release|x86.ActiveCfg = Release|Any CPU
		{BC75A625-B9D8-48B2-B3E5-8066759691D1}.Release|x86.Build.0 = Release|Any CPU
		{5FE217EE-E67A-4D5E-9418-ED9F9E28289B}.Debug|Any CPU.ActiveCfg = Debug|Any CPU
		{5FE217EE-E67A-4D5E-9418-ED9F9E28289B}.Debug|Any CPU.Build.0 = Debug|Any CPU
		{5FE217EE-E67A-4D5E-9418-ED9F9E28289B}.Debug|x64.ActiveCfg = Debug|Any CPU
		{5FE217EE-E67A-4D5E-9418-ED9F9E28289B}.Debug|x64.Build.0 = Debug|Any CPU
		{5FE217EE-E67A-4D5E-9418-ED9F9E28289B}.Debug|x86.ActiveCfg = Debug|Any CPU
		{5FE217EE-E67A-4D5E-9418-ED9F9E28289B}.Debug|x86.Build.0 = Debug|Any CPU
		{5FE217EE-E67A-4D5E-9418-ED9F9E28289B}.Release|Any CPU.ActiveCfg = Release|Any CPU
		{5FE217EE-E67A-4D5E-9418-ED9F9E28289B}.Release|Any CPU.Build.0 = Release|Any CPU
		{5FE217EE-E67A-4D5E-9418-ED9F9E28289B}.Release|x64.ActiveCfg = Release|Any CPU
		{5FE217EE-E67A-4D5E-9418-ED9F9E28289B}.Release|x64.Build.0 = Release|Any CPU
		{5FE217EE-E67A-4D5E-9418-ED9F9E28289B}.Release|x86.ActiveCfg = Release|Any CPU
		{5FE217EE-E67A-4D5E-9418-ED9F9E28289B}.Release|x86.Build.0 = Release|Any CPU
		{04542D7E-09D2-4545-BC8F-1323C8186F7E}.Debug|Any CPU.ActiveCfg = Debug|Any CPU
		{04542D7E-09D2-4545-BC8F-1323C8186F7E}.Debug|Any CPU.Build.0 = Debug|Any CPU
		{04542D7E-09D2-4545-BC8F-1323C8186F7E}.Debug|x64.ActiveCfg = Debug|Any CPU
		{04542D7E-09D2-4545-BC8F-1323C8186F7E}.Debug|x64.Build.0 = Debug|Any CPU
		{04542D7E-09D2-4545-BC8F-1323C8186F7E}.Debug|x86.ActiveCfg = Debug|Any CPU
		{04542D7E-09D2-4545-BC8F-1323C8186F7E}.Debug|x86.Build.0 = Debug|Any CPU
		{04542D7E-09D2-4545-BC8F-1323C8186F7E}.Release|Any CPU.ActiveCfg = Release|Any CPU
		{04542D7E-09D2-4545-BC8F-1323C8186F7E}.Release|Any CPU.Build.0 = Release|Any CPU
		{04542D7E-09D2-4545-BC8F-1323C8186F7E}.Release|x64.ActiveCfg = Release|Any CPU
		{04542D7E-09D2-4545-BC8F-1323C8186F7E}.Release|x64.Build.0 = Release|Any CPU
		{04542D7E-09D2-4545-BC8F-1323C8186F7E}.Release|x86.ActiveCfg = Release|Any CPU
		{04542D7E-09D2-4545-BC8F-1323C8186F7E}.Release|x86.Build.0 = Release|Any CPU
		{70425C9E-24D2-4F8A-AB8D-108A2ABD4F97}.Debug|Any CPU.ActiveCfg = Debug|Any CPU
		{70425C9E-24D2-4F8A-AB8D-108A2ABD4F97}.Debug|Any CPU.Build.0 = Debug|Any CPU
		{70425C9E-24D2-4F8A-AB8D-108A2ABD4F97}.Debug|x64.ActiveCfg = Debug|Any CPU
		{70425C9E-24D2-4F8A-AB8D-108A2ABD4F97}.Debug|x64.Build.0 = Debug|Any CPU
		{70425C9E-24D2-4F8A-AB8D-108A2ABD4F97}.Debug|x86.ActiveCfg = Debug|Any CPU
		{70425C9E-24D2-4F8A-AB8D-108A2ABD4F97}.Debug|x86.Build.0 = Debug|Any CPU
		{70425C9E-24D2-4F8A-AB8D-108A2ABD4F97}.Release|Any CPU.ActiveCfg = Release|Any CPU
		{70425C9E-24D2-4F8A-AB8D-108A2ABD4F97}.Release|Any CPU.Build.0 = Release|Any CPU
		{70425C9E-24D2-4F8A-AB8D-108A2ABD4F97}.Release|x64.ActiveCfg = Release|Any CPU
		{70425C9E-24D2-4F8A-AB8D-108A2ABD4F97}.Release|x64.Build.0 = Release|Any CPU
		{70425C9E-24D2-4F8A-AB8D-108A2ABD4F97}.Release|x86.ActiveCfg = Release|Any CPU
		{70425C9E-24D2-4F8A-AB8D-108A2ABD4F97}.Release|x86.Build.0 = Release|Any CPU
		{DB4DCE14-B3F6-443B-8466-832B3578E126}.Debug|Any CPU.ActiveCfg = Debug|Any CPU
		{DB4DCE14-B3F6-443B-8466-832B3578E126}.Debug|Any CPU.Build.0 = Debug|Any CPU
		{DB4DCE14-B3F6-443B-8466-832B3578E126}.Debug|x64.ActiveCfg = Debug|Any CPU
		{DB4DCE14-B3F6-443B-8466-832B3578E126}.Debug|x64.Build.0 = Debug|Any CPU
		{DB4DCE14-B3F6-443B-8466-832B3578E126}.Debug|x86.ActiveCfg = Debug|Any CPU
		{DB4DCE14-B3F6-443B-8466-832B3578E126}.Debug|x86.Build.0 = Debug|Any CPU
		{DB4DCE14-B3F6-443B-8466-832B3578E126}.Release|Any CPU.ActiveCfg = Release|Any CPU
		{DB4DCE14-B3F6-443B-8466-832B3578E126}.Release|Any CPU.Build.0 = Release|Any CPU
		{DB4DCE14-B3F6-443B-8466-832B3578E126}.Release|x64.ActiveCfg = Release|Any CPU
		{DB4DCE14-B3F6-443B-8466-832B3578E126}.Release|x64.Build.0 = Release|Any CPU
		{DB4DCE14-B3F6-443B-8466-832B3578E126}.Release|x86.ActiveCfg = Release|Any CPU
		{DB4DCE14-B3F6-443B-8466-832B3578E126}.Release|x86.Build.0 = Release|Any CPU
	EndGlobalSection
	GlobalSection(SolutionProperties) = preSolution
		HideSolutionNode = FALSE
	EndGlobalSection
EndGlobal
