
Microsoft Visual Studio Solution File, Format Version 12.00
# Visual Studio Version 17
VisualStudioVersion = 17.0.31903.59
MinimumVisualStudioVersion = 10.0.40219.1
Project("{FAE04EC0-301F-11D3-BF4B-00C04F79EFBC}") = "codeMRI.Api", "codeMRI.Api\codeMRI.Api.csproj", "{E2E6B5E5-89A7-4F53-A885-4D04C9BFE74C}"
EndProject
Project("{FAE04EC0-301F-11D3-BF4B-00C04F79EFBC}") = "codeMRI.Core", "codeMRI.Core\codeMRI.Core.csproj", "{39DFB840-F7FD-48F1-BE8B-F20FF4C70FF9}"
EndProject
Project("{FAE04EC0-301F-11D3-BF4B-00C04F79EFBC}") = "codeMRI.Infrastructure", "codeMRI.Infrastructure\codeMRI.Infrastructure.csproj", "{816316C9-FCDF-4391-AD44-6817499E87B8}"
EndProject
Project("{FAE04EC0-301F-11D3-BF4B-00C04F79EFBC}") = "codeMRI.Shared", "codeMRI.Shared\codeMRI.Shared.csproj", "{9B05C687-03A8-43FE-A69C-BDB0F1425C8E}"
EndProject
Project("{FAE04EC0-301F-11D3-BF4B-00C04F79EFBC}") = "codeMRI.Web", "codeMRI.Web\codeMRI.Web.csproj", "{1F5F89C8-4F3F-4641-8719-30E7523BA7F7}"
EndProject
Project("{FAE04EC0-301F-11D3-BF4B-00C04F79EFBC}") = "codeMRI.E2E", "codeMRI.E2E\codeMRI.E2E.csproj", "{CC50A229-CAFB-4A5C-A202-98C74E664CEE}"
EndProject
Project("{FAE04EC0-301F-11D3-BF4B-00C04F79EFBC}") = "codeMRI.Infrastructure.Tests", "codeMRI.Infrastructure.Tests\codeMRI.Infrastructure.Tests.csproj", "{AFF57A96-C8A6-4823-8E33-07117076F4F0}"
EndProject
Global
	GlobalSection(SolutionConfigurationPlatforms) = preSolution
		Debug|Any CPU = Debug|Any CPU
		Debug|x64 = Debug|x64
		Debug|x86 = Debug|x86
		Release|Any CPU = Release|Any CPU
		Release|x64 = Release|x64
		Release|x86 = Release|x86
	EndGlobalSection
	GlobalSection(ProjectConfigurationPlatforms) = postSolution
		{E2E6B5E5-89A7-4F53-A885-4D04C9BFE74C}.Debug|Any CPU.ActiveCfg = Debug|Any CPU
		{E2E6B5E5-89A7-4F53-A885-4D04C9BFE74C}.Debug|Any CPU.Build.0 = Debug|Any CPU
		{E2E6B5E5-89A7-4F53-A885-4D04C9BFE74C}.Debug|x64.ActiveCfg = Debug|Any CPU
		{E2E6B5E5-89A7-4F53-A885-4D04C9BFE74C}.Debug|x64.Build.0 = Debug|Any CPU
		{E2E6B5E5-89A7-4F53-A885-4D04C9BFE74C}.Debug|x86.ActiveCfg = Debug|Any CPU
		{E2E6B5E5-89A7-4F53-A885-4D04C9BFE74C}.Debug|x86.Build.0 = Debug|Any CPU
		{E2E6B5E5-89A7-4F53-A885-4D04C9BFE74C}.Release|Any CPU.ActiveCfg = Release|Any CPU
		{E2E6B5E5-89A7-4F53-A885-4D04C9BFE74C}.Release|Any CPU.Build.0 = Release|Any CPU
		{E2E6B5E5-89A7-4F53-A885-4D04C9BFE74C}.Release|x64.ActiveCfg = Release|Any CPU
		{E2E6B5E5-89A7-4F53-A885-4D04C9BFE74C}.Release|x64.Build.0 = Release|Any CPU
		{E2E6B5E5-89A7-4F53-A885-4D04C9BFE74C}.Release|x86.ActiveCfg = Release|Any CPU
		{E2E6B5E5-89A7-4F53-A885-4D04C9BFE74C}.Release|x86.Build.0 = Release|Any CPU
		{39DFB840-F7FD-48F1-BE8B-F20FF4C70FF9}.Debug|Any CPU.ActiveCfg = Debug|Any CPU
		{39DFB840-F7FD-48F1-BE8B-F20FF4C70FF9}.Debug|Any CPU.Build.0 = Debug|Any CPU
		{39DFB840-F7FD-48F1-BE8B-F20FF4C70FF9}.Debug|x64.ActiveCfg = Debug|Any CPU
		{39DFB840-F7FD-48F1-BE8B-F20FF4C70FF9}.Debug|x64.Build.0 = Debug|Any CPU
		{39DFB840-F7FD-48F1-BE8B-F20FF4C70FF9}.Debug|x86.ActiveCfg = Debug|Any CPU
		{39DFB840-F7FD-48F1-BE8B-F20FF4C70FF9}.Debug|x86.Build.0 = Debug|Any CPU
		{39DFB840-F7FD-48F1-BE8B-F20FF4C70FF9}.Release|Any CPU.ActiveCfg = Release|Any CPU
		{39DFB840-F7FD-48F1-BE8B-F20FF4C70FF9}.Release|Any CPU.Build.0 = Release|Any CPU
		{39DFB840-F7FD-48F1-BE8B-F20FF4C70FF9}.Release|x64.ActiveCfg = Release|Any CPU
		{39DFB840-F7FD-48F1-BE8B-F20FF4C70FF9}.Release|x64.Build.0 = Release|Any CPU
		{39DFB840-F7FD-48F1-BE8B-F20FF4C70FF9}.Release|x86.ActiveCfg = Release|Any CPU
		{39DFB840-F7FD-48F1-BE8B-F20FF4C70FF9}.Release|x86.Build.0 = Release|Any CPU
		{816316C9-FCDF-4391-AD44-6817499E87B8}.Debug|Any CPU.ActiveCfg = Debug|Any CPU
		{816316C9-FCDF-4391-AD44-6817499E87B8}.Debug|Any CPU.Build.0 = Debug|Any CPU
		{816316C9-FCDF-4391-AD44-6817499E87B8}.Debug|x64.ActiveCfg = Debug|Any CPU
		{816316C9-FCDF-4391-AD44-6817499E87B8}.Debug|x64.Build.0 = Debug|Any CPU
		{816316C9-FCDF-4391-AD44-6817499E87B8}.Debug|x86.ActiveCfg = Debug|Any CPU
		{816316C9-FCDF-4391-AD44-6817499E87B8}.Debug|x86.Build.0 = Debug|Any CPU
		{816316C9-FCDF-4391-AD44-6817499E87B8}.Release|Any CPU.ActiveCfg = Release|Any CPU
		{816316C9-FCDF-4391-AD44-6817499E87B8}.Release|Any CPU.Build.0 = Release|Any CPU
		{816316C9-FCDF-4391-AD44-6817499E87B8}.Release|x64.ActiveCfg = Release|Any CPU
		{816316C9-FCDF-4391-AD44-6817499E87B8}.Release|x64.Build.0 = Release|Any CPU
		{816316C9-FCDF-4391-AD44-6817499E87B8}.Release|x86.ActiveCfg = Release|Any CPU
		{816316C9-FCDF-4391-AD44-6817499E87B8}.Release|x86.Build.0 = Release|Any CPU
		{9B05C687-03A8-43FE-A69C-BDB0F1425C8E}.Debug|Any CPU.ActiveCfg = Debug|Any CPU
		{9B05C687-03A8-43FE-A69C-BDB0F1425C8E}.Debug|Any CPU.Build.0 = Debug|Any CPU
		{9B05C687-03A8-43FE-A69C-BDB0F1425C8E}.Debug|x64.ActiveCfg = Debug|Any CPU
		{9B05C687-03A8-43FE-A69C-BDB0F1425C8E}.Debug|x64.Build.0 = Debug|Any CPU
		{9B05C687-03A8-43FE-A69C-BDB0F1425C8E}.Debug|x86.ActiveCfg = Debug|Any CPU
		{9B05C687-03A8-43FE-A69C-BDB0F1425C8E}.Debug|x86.Build.0 = Debug|Any CPU
		{9B05C687-03A8-43FE-A69C-BDB0F1425C8E}.Release|Any CPU.ActiveCfg = Release|Any CPU
		{9B05C687-03A8-43FE-A69C-BDB0F1425C8E}.Release|Any CPU.Build.0 = Release|Any CPU
		{9B05C687-03A8-43FE-A69C-BDB0F1425C8E}.Release|x64.ActiveCfg = Release|Any CPU
		{9B05C687-03A8-43FE-A69C-BDB0F1425C8E}.Release|x64.Build.0 = Release|Any CPU
		{9B05C687-03A8-43FE-A69C-BDB0F1425C8E}.Release|x86.ActiveCfg = Release|Any CPU
		{9B05C687-03A8-43FE-A69C-BDB0F1425C8E}.Release|x86.Build.0 = Release|Any CPU
		{1F5F89C8-4F3F-4641-8719-30E7523BA7F7}.Debug|Any CPU.ActiveCfg = Debug|Any CPU
		{1F5F89C8-4F3F-4641-8719-30E7523BA7F7}.Debug|Any CPU.Build.0 = Debug|Any CPU
		{1F5F89C8-4F3F-4641-8719-30E7523BA7F7}.Debug|x64.ActiveCfg = Debug|Any CPU
		{1F5F89C8-4F3F-4641-8719-30E7523BA7F7}.Debug|x64.Build.0 = Debug|Any CPU
		{1F5F89C8-4F3F-4641-8719-30E7523BA7F7}.Debug|x86.ActiveCfg = Debug|Any CPU
		{1F5F89C8-4F3F-4641-8719-30E7523BA7F7}.Debug|x86.Build.0 = Debug|Any CPU
		{1F5F89C8-4F3F-4641-8719-30E7523BA7F7}.Release|Any CPU.ActiveCfg = Release|Any CPU
		{1F5F89C8-4F3F-4641-8719-30E7523BA7F7}.Release|Any CPU.Build.0 = Release|Any CPU
		{1F5F89C8-4F3F-4641-8719-30E7523BA7F7}.Release|x64.ActiveCfg = Release|Any CPU
		{1F5F89C8-4F3F-4641-8719-30E7523BA7F7}.Release|x64.Build.0 = Release|Any CPU
		{1F5F89C8-4F3F-4641-8719-30E7523BA7F7}.Release|x86.ActiveCfg = Release|Any CPU
		{1F5F89C8-4F3F-4641-8719-30E7523BA7F7}.Release|x86.Build.0 = Release|Any CPU
		{CC50A229-CAFB-4A5C-A202-98C74E664CEE}.Debug|Any CPU.ActiveCfg = Debug|Any CPU
		{CC50A229-CAFB-4A5C-A202-98C74E664CEE}.Debug|Any CPU.Build.0 = Debug|Any CPU
		{CC50A229-CAFB-4A5C-A202-98C74E664CEE}.Debug|x64.ActiveCfg = Debug|Any CPU
		{CC50A229-CAFB-4A5C-A202-98C74E664CEE}.Debug|x64.Build.0 = Debug|Any CPU
		{CC50A229-CAFB-4A5C-A202-98C74E664CEE}.Debug|x86.ActiveCfg = Debug|Any CPU
		{CC50A229-CAFB-4A5C-A202-98C74E664CEE}.Debug|x86.Build.0 = Debug|Any CPU
		{CC50A229-CAFB-4A5C-A202-98C74E664CEE}.Release|Any CPU.ActiveCfg = Release|Any CPU
		{CC50A229-CAFB-4A5C-A202-98C74E664CEE}.Release|Any CPU.Build.0 = Release|Any CPU
		{CC50A229-CAFB-4A5C-A202-98C74E664CEE}.Release|x64.ActiveCfg = Release|Any CPU
		{CC50A229-CAFB-4A5C-A202-98C74E664CEE}.Release|x64.Build.0 = Release|Any CPU
		{CC50A229-CAFB-4A5C-A202-98C74E664CEE}.Release|x86.ActiveCfg = Release|Any CPU
		{CC50A229-CAFB-4A5C-A202-98C74E664CEE}.Release|x86.Build.0 = Release|Any CPU
		{AFF57A96-C8A6-4823-8E33-07117076F4F0}.Debug|Any CPU.ActiveCfg = Debug|Any CPU
		{AFF57A96-C8A6-4823-8E33-07117076F4F0}.Debug|Any CPU.Build.0 = Debug|Any CPU
		{AFF57A96-C8A6-4823-8E33-07117076F4F0}.Debug|x64.ActiveCfg = Debug|Any CPU
		{AFF57A96-C8A6-4823-8E33-07117076F4F0}.Debug|x64.Build.0 = Debug|Any CPU
		{AFF57A96-C8A6-4823-8E33-07117076F4F0}.Debug|x86.ActiveCfg = Debug|Any CPU
		{AFF57A96-C8A6-4823-8E33-07117076F4F0}.Debug|x86.Build.0 = Debug|Any CPU
		{AFF57A96-C8A6-4823-8E33-07117076F4F0}.Release|Any CPU.ActiveCfg = Release|Any CPU
		{AFF57A96-C8A6-4823-8E33-07117076F4F0}.Release|Any CPU.Build.0 = Release|Any CPU
		{AFF57A96-C8A6-4823-8E33-07117076F4F0}.Release|x64.ActiveCfg = Release|Any CPU
		{AFF57A96-C8A6-4823-8E33-07117076F4F0}.Release|x64.Build.0 = Release|Any CPU
		{AFF57A96-C8A6-4823-8E33-07117076F4F0}.Release|x86.ActiveCfg = Release|Any CPU
		{AFF57A96-C8A6-4823-8E33-07117076F4F0}.Release|x86.Build.0 = Release|Any CPU
	EndGlobalSection
	GlobalSection(SolutionProperties) = preSolution
		HideSolutionNode = FALSE
	EndGlobalSection
EndGlobal
